
Microsoft Visual Studio Solution File, Format Version 12.00
# Visual Studio 15
VisualStudioVersion = 15.0.28010.2036
MinimumVisualStudioVersion = 10.0.40219.1
Project("{2150E333-8FDC-42A3-9474-1A3956D46DE8}") = "src", "src", "{CBCA2ECE-A9B6-464D-ADE7-6058A0756BB4}"
EndProject
Project("{2150E333-8FDC-42A3-9474-1A3956D46DE8}") = "test", "test", "{0CAC281A-F9F9-4F52-81AF-8005B546F1B6}"
EndProject
Project("{2150E333-8FDC-42A3-9474-1A3956D46DE8}") = "1-Presentation", "1-Presentation", "{7800F543-0AFB-4D25-87A1-CDECBD418190}"
EndProject
Project("{2150E333-8FDC-42A3-9474-1A3956D46DE8}") = "2-Application", "2-Application", "{F8DADFA3-107C-447A-96AC-C1EDF06F378E}"
EndProject
Project("{2150E333-8FDC-42A3-9474-1A3956D46DE8}") = "3-Domain", "3-Domain", "{D77B93FE-7C2F-425B-B33B-3A3563E2A61A}"
EndProject
Project("{2150E333-8FDC-42A3-9474-1A3956D46DE8}") = "4-Infrastructure", "4-Infrastructure", "{272F9611-21E8-4C2C-A410-4F1F223D7CA4}"
EndProject
Project("{2150E333-8FDC-42A3-9474-1A3956D46DE8}") = "FrameworkCore", "FrameworkCore", "{1EA9841B-53AD-478D-9AEF-EC1123DE8401}"
EndProject
Project("{9A19103F-16F7-4668-BE54-9A1E7A4F7556}") = "Blog.WebApp", "src\Blog.WebApp\Blog.WebApp.csproj", "{84BFE1AF-8EDD-4EDB-85F0-853CDB64BABE}"
EndProject
Project("{9A19103F-16F7-4668-BE54-9A1E7A4F7556}") = "FrameworkCore.Infrastructure", "src\FrameworkCore\FrameworkCore.Infrastructure\FrameworkCore.Infrastructure.csproj", "{6709245F-B203-4EC7-8AB5-12C6E9CEE43B}"
EndProject
Project("{9A19103F-16F7-4668-BE54-9A1E7A4F7556}") = "Blog.WebApi", "src\Blog.WebApi\Blog.WebApi.csproj", "{F8B8BBB5-F124-40BF-BDEF-946D1CDAE97F}"
EndProject
Project("{2150E333-8FDC-42A3-9474-1A3956D46DE8}") = "4.1 - Data", "4.1 - Data", "{4BDFBCC4-89FC-4420-87CE-48580EB8882F}"
EndProject
Project("{2150E333-8FDC-42A3-9474-1A3956D46DE8}") = "4.2 - CrossCutting", "4.2 - CrossCutting", "{C278568C-F52D-4BD7-970C-2AED7E2B9457}"
EndProject
Project("{9A19103F-16F7-4668-BE54-9A1E7A4F7556}") = "Blog.Application", "src\Blog.Application\Blog.Application.csproj", "{03DE5EC3-A8FB-4E1C-8DFB-A78328CC6ACB}"
EndProject
Project("{9A19103F-16F7-4668-BE54-9A1E7A4F7556}") = "Blog.Application.Seedwork", "src\Blog.Application.Seedwork\Blog.Application.Seedwork.csproj", "{126E7F20-867D-4AF9-AE9B-8ED600BEB9E3}"
EndProject
Project("{9A19103F-16F7-4668-BE54-9A1E7A4F7556}") = "Blog.Domain", "src\Blog.Domain\Blog.Domain.csproj", "{0B42240E-DE92-4340-AEBD-3E4FFF54130D}"
EndProject
Project("{9A19103F-16F7-4668-BE54-9A1E7A4F7556}") = "Blog.Domain.Core", "src\Blog.Domain.Core\Blog.Domain.Core.csproj", "{A10B578A-5B2B-46F4-B3CD-5D9E4CC287A9}"
EndProject
Project("{9A19103F-16F7-4668-BE54-9A1E7A4F7556}") = "Blog.Infrastructure.Data", "src\Blog.Infrastructure.Data\Blog.Infrastructure.Data.csproj", "{23E89B7B-514B-4592-95A1-62AB0A7B7544}"
EndProject
Project("{9A19103F-16F7-4668-BE54-9A1E7A4F7556}") = "Blog.Infrastructure.CrossCutting.IoC", "src\Blog.Infrastructure.CrossCutting.IoC\Blog.Infrastructure.CrossCutting.IoC.csproj", "{49A7BF9F-E911-4AEC-B704-D38C5B379C19}"
EndProject
Project("{9A19103F-16F7-4668-BE54-9A1E7A4F7556}") = "FrameworkCore.Identity.Web", "src\FrameworkCore\FrameworkCore.Identity.Web\FrameworkCore.Identity.Web.csproj", "{5ADFC649-EF83-4F79-848B-338F8F1D1C65}"
EndProject
Project("{9A19103F-16F7-4668-BE54-9A1E7A4F7556}") = "FrameworkCore.Utils", "src\FrameworkCore\FrameworkCore.Utils\FrameworkCore.Utils.csproj", "{95080420-7E67-4F0A-A4C2-C5291873933D}"
EndProject
Project("{FAE04EC0-301F-11D3-BF4B-00C04F79EFBC}") = "FrameworkCore.Mapper", "src\FrameworkCore\FrameworkCore.Mapper\FrameworkCore.Mapper.csproj", "{E43E545F-E020-42AC-94B9-F922AB260172}"
EndProject
Global
	GlobalSection(SolutionConfigurationPlatforms) = preSolution
		Debug|Any CPU = Debug|Any CPU
		Release|Any CPU = Release|Any CPU
	EndGlobalSection
	GlobalSection(ProjectConfigurationPlatforms) = postSolution
		{84BFE1AF-8EDD-4EDB-85F0-853CDB64BABE}.Debug|Any CPU.ActiveCfg = Debug|Any CPU
		{84BFE1AF-8EDD-4EDB-85F0-853CDB64BABE}.Debug|Any CPU.Build.0 = Debug|Any CPU
		{84BFE1AF-8EDD-4EDB-85F0-853CDB64BABE}.Release|Any CPU.ActiveCfg = Release|Any CPU
		{84BFE1AF-8EDD-4EDB-85F0-853CDB64BABE}.Release|Any CPU.Build.0 = Release|Any CPU
		{6709245F-B203-4EC7-8AB5-12C6E9CEE43B}.Debug|Any CPU.ActiveCfg = Debug|Any CPU
		{6709245F-B203-4EC7-8AB5-12C6E9CEE43B}.Debug|Any CPU.Build.0 = Debug|Any CPU
		{6709245F-B203-4EC7-8AB5-12C6E9CEE43B}.Release|Any CPU.ActiveCfg = Release|Any CPU
		{6709245F-B203-4EC7-8AB5-12C6E9CEE43B}.Release|Any CPU.Build.0 = Release|Any CPU
		{F8B8BBB5-F124-40BF-BDEF-946D1CDAE97F}.Debug|Any CPU.ActiveCfg = Debug|Any CPU
		{F8B8BBB5-F124-40BF-BDEF-946D1CDAE97F}.Debug|Any CPU.Build.0 = Debug|Any CPU
		{F8B8BBB5-F124-40BF-BDEF-946D1CDAE97F}.Release|Any CPU.ActiveCfg = Release|Any CPU
		{F8B8BBB5-F124-40BF-BDEF-946D1CDAE97F}.Release|Any CPU.Build.0 = Release|Any CPU
		{03DE5EC3-A8FB-4E1C-8DFB-A78328CC6ACB}.Debug|Any CPU.ActiveCfg = Debug|Any CPU
		{03DE5EC3-A8FB-4E1C-8DFB-A78328CC6ACB}.Debug|Any CPU.Build.0 = Debug|Any CPU
		{03DE5EC3-A8FB-4E1C-8DFB-A78328CC6ACB}.Release|Any CPU.ActiveCfg = Release|Any CPU
		{03DE5EC3-A8FB-4E1C-8DFB-A78328CC6ACB}.Release|Any CPU.Build.0 = Release|Any CPU
		{126E7F20-867D-4AF9-AE9B-8ED600BEB9E3}.Debug|Any CPU.ActiveCfg = Debug|Any CPU
		{126E7F20-867D-4AF9-AE9B-8ED600BEB9E3}.Debug|Any CPU.Build.0 = Debug|Any CPU
		{126E7F20-867D-4AF9-AE9B-8ED600BEB9E3}.Release|Any CPU.ActiveCfg = Release|Any CPU
		{126E7F20-867D-4AF9-AE9B-8ED600BEB9E3}.Release|Any CPU.Build.0 = Release|Any CPU
		{0B42240E-DE92-4340-AEBD-3E4FFF54130D}.Debug|Any CPU.ActiveCfg = Debug|Any CPU
		{0B42240E-DE92-4340-AEBD-3E4FFF54130D}.Debug|Any CPU.Build.0 = Debug|Any CPU
		{0B42240E-DE92-4340-AEBD-3E4FFF54130D}.Release|Any CPU.ActiveCfg = Release|Any CPU
		{0B42240E-DE92-4340-AEBD-3E4FFF54130D}.Release|Any CPU.Build.0 = Release|Any CPU
		{A10B578A-5B2B-46F4-B3CD-5D9E4CC287A9}.Debug|Any CPU.ActiveCfg = Debug|Any CPU
		{A10B578A-5B2B-46F4-B3CD-5D9E4CC287A9}.Debug|Any CPU.Build.0 = Debug|Any CPU
		{A10B578A-5B2B-46F4-B3CD-5D9E4CC287A9}.Release|Any CPU.ActiveCfg = Release|Any CPU
		{A10B578A-5B2B-46F4-B3CD-5D9E4CC287A9}.Release|Any CPU.Build.0 = Release|Any CPU
		{23E89B7B-514B-4592-95A1-62AB0A7B7544}.Debug|Any CPU.ActiveCfg = Debug|Any CPU
		{23E89B7B-514B-4592-95A1-62AB0A7B7544}.Debug|Any CPU.Build.0 = Debug|Any CPU
		{23E89B7B-514B-4592-95A1-62AB0A7B7544}.Release|Any CPU.ActiveCfg = Release|Any CPU
		{23E89B7B-514B-4592-95A1-62AB0A7B7544}.Release|Any CPU.Build.0 = Release|Any CPU
		{49A7BF9F-E911-4AEC-B704-D38C5B379C19}.Debug|Any CPU.ActiveCfg = Debug|Any CPU
		{49A7BF9F-E911-4AEC-B704-D38C5B379C19}.Debug|Any CPU.Build.0 = Debug|Any CPU
		{49A7BF9F-E911-4AEC-B704-D38C5B379C19}.Release|Any CPU.ActiveCfg = Release|Any CPU
		{49A7BF9F-E911-4AEC-B704-D38C5B379C19}.Release|Any CPU.Build.0 = Release|Any CPU
		{5ADFC649-EF83-4F79-848B-338F8F1D1C65}.Debug|Any CPU.ActiveCfg = Debug|Any CPU
		{5ADFC649-EF83-4F79-848B-338F8F1D1C65}.Debug|Any CPU.Build.0 = Debug|Any CPU
		{5ADFC649-EF83-4F79-848B-338F8F1D1C65}.Release|Any CPU.ActiveCfg = Release|Any CPU
		{5ADFC649-EF83-4F79-848B-338F8F1D1C65}.Release|Any CPU.Build.0 = Release|Any CPU
		{95080420-7E67-4F0A-A4C2-C5291873933D}.Debug|Any CPU.ActiveCfg = Debug|Any CPU
		{95080420-7E67-4F0A-A4C2-C5291873933D}.Debug|Any CPU.Build.0 = Debug|Any CPU
		{95080420-7E67-4F0A-A4C2-C5291873933D}.Release|Any CPU.ActiveCfg = Release|Any CPU
		{95080420-7E67-4F0A-A4C2-C5291873933D}.Release|Any CPU.Build.0 = Release|Any CPU
		{E43E545F-E020-42AC-94B9-F922AB260172}.Debug|Any CPU.ActiveCfg = Debug|Any CPU
		{E43E545F-E020-42AC-94B9-F922AB260172}.Debug|Any CPU.Build.0 = Debug|Any CPU
		{E43E545F-E020-42AC-94B9-F922AB260172}.Release|Any CPU.ActiveCfg = Release|Any CPU
		{E43E545F-E020-42AC-94B9-F922AB260172}.Release|Any CPU.Build.0 = Release|Any CPU
	EndGlobalSection
	GlobalSection(SolutionProperties) = preSolution
		HideSolutionNode = FALSE
	EndGlobalSection
	GlobalSection(NestedProjects) = preSolution
		{7800F543-0AFB-4D25-87A1-CDECBD418190} = {CBCA2ECE-A9B6-464D-ADE7-6058A0756BB4}
		{F8DADFA3-107C-447A-96AC-C1EDF06F378E} = {CBCA2ECE-A9B6-464D-ADE7-6058A0756BB4}
		{D77B93FE-7C2F-425B-B33B-3A3563E2A61A} = {CBCA2ECE-A9B6-464D-ADE7-6058A0756BB4}
		{272F9611-21E8-4C2C-A410-4F1F223D7CA4} = {CBCA2ECE-A9B6-464D-ADE7-6058A0756BB4}
		{1EA9841B-53AD-478D-9AEF-EC1123DE8401} = {CBCA2ECE-A9B6-464D-ADE7-6058A0756BB4}
		{84BFE1AF-8EDD-4EDB-85F0-853CDB64BABE} = {7800F543-0AFB-4D25-87A1-CDECBD418190}
		{6709245F-B203-4EC7-8AB5-12C6E9CEE43B} = {1EA9841B-53AD-478D-9AEF-EC1123DE8401}
		{F8B8BBB5-F124-40BF-BDEF-946D1CDAE97F} = {7800F543-0AFB-4D25-87A1-CDECBD418190}
		{4BDFBCC4-89FC-4420-87CE-48580EB8882F} = {272F9611-21E8-4C2C-A410-4F1F223D7CA4}
		{C278568C-F52D-4BD7-970C-2AED7E2B9457} = {272F9611-21E8-4C2C-A410-4F1F223D7CA4}
		{03DE5EC3-A8FB-4E1C-8DFB-A78328CC6ACB} = {F8DADFA3-107C-447A-96AC-C1EDF06F378E}
		{126E7F20-867D-4AF9-AE9B-8ED600BEB9E3} = {F8DADFA3-107C-447A-96AC-C1EDF06F378E}
		{0B42240E-DE92-4340-AEBD-3E4FFF54130D} = {D77B93FE-7C2F-425B-B33B-3A3563E2A61A}
		{A10B578A-5B2B-46F4-B3CD-5D9E4CC287A9} = {D77B93FE-7C2F-425B-B33B-3A3563E2A61A}
		{23E89B7B-514B-4592-95A1-62AB0A7B7544} = {4BDFBCC4-89FC-4420-87CE-48580EB8882F}
		{49A7BF9F-E911-4AEC-B704-D38C5B379C19} = {C278568C-F52D-4BD7-970C-2AED7E2B9457}
		{5ADFC649-EF83-4F79-848B-338F8F1D1C65} = {1EA9841B-53AD-478D-9AEF-EC1123DE8401}
		{95080420-7E67-4F0A-A4C2-C5291873933D} = {1EA9841B-53AD-478D-9AEF-EC1123DE8401}
		{E43E545F-E020-42AC-94B9-F922AB260172} = {1EA9841B-53AD-478D-9AEF-EC1123DE8401}
	EndGlobalSection
	GlobalSection(ExtensibilityGlobals) = postSolution
		SolutionGuid = {307708DF-B173-477A-AA16-30EF6CAF304D}
	EndGlobalSection
EndGlobal
